
Microsoft Visual Studio Solution File, Format Version 12.00
# Visual Studio 15
VisualStudioVersion = 15.0.28010.2041
MinimumVisualStudioVersion = 10.0.40219.1
Project("{FAE04EC0-301F-11D3-BF4B-00C04F79EFBC}") = "BenchmarkFunctionApp", "BenchmarkFunctionApp\BenchmarkFunctionApp.csproj", "{E5DC7EEC-5733-4E12-880A-EEBF13855068}"
EndProject
Global
	GlobalSection(SolutionConfigurationPlatforms) = preSolution
		Debug|Any CPU = Debug|Any CPU
		Release|Any CPU = Release|Any CPU
	EndGlobalSection
	GlobalSection(ProjectConfigurationPlatforms) = postSolution
		{E5DC7EEC-5733-4E12-880A-EEBF13855068}.Debug|Any CPU.ActiveCfg = Debug|Any CPU
		{E5DC7EEC-5733-4E12-880A-EEBF13855068}.Debug|Any CPU.Build.0 = Debug|Any CPU
		{E5DC7EEC-5733-4E12-880A-EEBF13855068}.Release|Any CPU.ActiveCfg = Release|Any CPU
		{E5DC7EEC-5733-4E12-880A-EEBF13855068}.Release|Any CPU.Build.0 = Release|Any CPU
	EndGlobalSection
	GlobalSection(SolutionProperties) = preSolution
		HideSolutionNode = FALSE
	EndGlobalSection
	GlobalSection(ExtensibilityGlobals) = postSolution
		SolutionGuid = {4C9EE3F9-D4FE-456A-91AD-17CE1693B0E8}
	EndGlobalSection
EndGlobal
